
Microsoft Visual Studio Solution File, Format Version 12.00
# Visual Studio 14
VisualStudioVersion = 14.0.25420.1
MinimumVisualStudioVersion = 10.0.40219.1
Project("{581633EB-B896-402F-8E60-36F3DA191C85}") = "AssetManagement", "AssetManagement\AssetManagement.lsxproj", "{24051187-7A3A-4F26-996E-05935DC0F29F}"
EndProject
Project("{FAE04EC0-301F-11D3-BF4B-00C04F79EFBC}") = "AssetManagement.Server", "AssetManagement\AssetManagement.Server\AssetManagement.Server.csproj", "{BED5ED07-B8D7-4881-8EBC-B4F63B86E528}"
EndProject
Project("{262852C6-CD72-467D-83FE-5EEB1973A190}") = "AssetManagement.HTMLClient", "AssetManagement\AssetManagement.HTMLClient\AssetManagement.HTMLClient.jsproj", "{C5C274B8-C095-4DAC-9B00-6C1CD100BA91}"
EndProject
Project("{FAE04EC0-301F-11D3-BF4B-00C04F79EFBC}") = "AssetManagement.ReportService", "AssetManagement\AssetManagement.ReportService\AssetManagement.ReportService\AssetManagement.ReportService.csproj", "{450AE256-4441-4F0D-A53F-2E987BCECD4B}"
EndProject
Global
	GlobalSection(SolutionConfigurationPlatforms) = preSolution
		Debug|Any CPU = Debug|Any CPU
		Release|Any CPU = Release|Any CPU
	EndGlobalSection
	GlobalSection(ProjectConfigurationPlatforms) = postSolution
		{24051187-7A3A-4F26-996E-05935DC0F29F}.Debug|Any CPU.ActiveCfg = Debug|Any CPU
		{24051187-7A3A-4F26-996E-05935DC0F29F}.Debug|Any CPU.Build.0 = Debug|Any CPU
		{24051187-7A3A-4F26-996E-05935DC0F29F}.Release|Any CPU.ActiveCfg = Release|Any CPU
		{24051187-7A3A-4F26-996E-05935DC0F29F}.Release|Any CPU.Build.0 = Release|Any CPU
		{BED5ED07-B8D7-4881-8EBC-B4F63B86E528}.Debug|Any CPU.ActiveCfg = Debug|Any CPU
		{BED5ED07-B8D7-4881-8EBC-B4F63B86E528}.Debug|Any CPU.Build.0 = Debug|Any CPU
		{BED5ED07-B8D7-4881-8EBC-B4F63B86E528}.Release|Any CPU.ActiveCfg = Release|Any CPU
		{BED5ED07-B8D7-4881-8EBC-B4F63B86E528}.Release|Any CPU.Build.0 = Release|Any CPU
		{C5C274B8-C095-4DAC-9B00-6C1CD100BA91}.Debug|Any CPU.ActiveCfg = Debug|Any CPU
		{C5C274B8-C095-4DAC-9B00-6C1CD100BA91}.Debug|Any CPU.Build.0 = Debug|Any CPU
		{C5C274B8-C095-4DAC-9B00-6C1CD100BA91}.Release|Any CPU.ActiveCfg = Release|Any CPU
		{C5C274B8-C095-4DAC-9B00-6C1CD100BA91}.Release|Any CPU.Build.0 = Release|Any CPU
		{450AE256-4441-4F0D-A53F-2E987BCECD4B}.Debug|Any CPU.ActiveCfg = Debug|Any CPU
		{450AE256-4441-4F0D-A53F-2E987BCECD4B}.Debug|Any CPU.Build.0 = Debug|Any CPU
		{450AE256-4441-4F0D-A53F-2E987BCECD4B}.Release|Any CPU.ActiveCfg = Release|Any CPU
		{450AE256-4441-4F0D-A53F-2E987BCECD4B}.Release|Any CPU.Build.0 = Release|Any CPU
	EndGlobalSection
	GlobalSection(SolutionProperties) = preSolution
		HideSolutionNode = FALSE
	EndGlobalSection
	GlobalSection(TeamFoundationVersionControl) = preSolution
		SccNumberOfProjects = 5
		SccEnterpriseProvider = {4CA58AB2-18FA-4F8D-95D4-32DDF27D184C}
		SccTeamFoundationServer = https://yanezricardo.visualstudio.com/
		SccLocalPath0 = .
		SccProjectUniqueName1 = AssetManagement\\AssetManagement.lsxproj
		SccProjectName1 = AssetManagement
		SccLocalPath1 = AssetManagement
		SccProjectUniqueName2 = AssetManagement\\AssetManagement.Server\\AssetManagement.Server.csproj
		SccProjectName2 = AssetManagement/AssetManagement.Server
		SccLocalPath2 = AssetManagement\\AssetManagement.Server
		SccProjectUniqueName3 = AssetManagement\\AssetManagement.HTMLClient\\AssetManagement.HTMLClient.jsproj
		SccProjectName3 = AssetManagement/AssetManagement.HTMLClient
		SccLocalPath3 = AssetManagement\\AssetManagement.HTMLClient
		SccProjectUniqueName4 = AssetManagement\\AssetManagement.ReportService\\AssetManagement.ReportService\\AssetManagement.ReportService.csproj
		SccProjectName4 = AssetManagement/AssetManagement.ReportService/AssetManagement.ReportService
		SccLocalPath4 = AssetManagement\\AssetManagement.ReportService\\AssetManagement.ReportService
	EndGlobalSection
EndGlobal
